PODS:
  - Action (2.2.1):
    - RxCocoa (~> 3.0)
    - RxSwift (~> 3.0)
  - Alamofire (4.2.0)
  - LeanCloud (10.0.0):
    - LeanCloud/Storage (= 10.0.0)
  - LeanCloud/Storage (10.0.0):
    - Alamofire (~> 4.2.0)
  - Moya/Core (8.0.2):
    - Alamofire (~> 4.1)
    - Result (~> 3.0)
  - Moya/RxSwift (8.0.2):
    - Moya/Core
    - RxSwift (~> 3.0)
  - PageMenu (1.2.9)
  - PKHUD (4.2.0)
  - Result (3.2.1)
  - RxCocoa (3.2.0):
    - RxSwift (~> 3.1)
  - RxDataSources (1.0.3):
    - RxCocoa (~> 3.0)
    - RxSwift (~> 3.0)
  - RxSwift (3.2.0)
  - SnapKit (3.2.0)

DEPENDENCIES:
  - Action
  - LeanCloud
  - Moya/RxSwift
  - PageMenu
  - PKHUD (~> 4.0)
  - RxCocoa (~> 3.0)
  - RxDataSources (~> 1.0)
  - RxSwift (~> 3.0)
  - SnapKit (~> 3.2.0)

SPEC CHECKSUMS:
  Action: 93c6c9eec95eb76428b2d49a6d260466c2f71b7e
  Alamofire: aa2e09d871c9160ac53c90e83c68064a94e3dfbe
  LeanCloud: 0a6a0d52e33dd43d998ab256cc83f6c4954607b8
  Moya: 47f61da5b634aa71f676431b64ee0f81e976296d
  PageMenu: ba19ff267f7a19e444e93c20a7847b78954a7011
  PKHUD: 48af884cf00c2213b0313b739d914e6cab1c0f5e
  Result: 2453a22e5c5b11c0c3a478736e82cd02f763b781
  RxCocoa: ccdf43101a70407097a29082f648ba1676075b30
  RxDataSources: a021a0e944ba5f7991259829d973afdbfa719c0b
  RxSwift: 46574f70d416b7923c237195939cc488a7fbf3a0
  SnapKit: 1ca44df72cfa543218d177cb8aab029d10d86ea7

PODFILE CHECKSUM: f466202aee854121cd611f29188944dfd1e425ac

COCOAPODS: 1.1.1
