// !$*UTF8*$!
{
	archiveVersion = 1;
	classes = {
	};
	objectVersion = 46;
	objects = {

/* Begin PBXBuildFile section */
		ADD7B0970DE7B59301F23F7B /* Pods_AdAnalysisUITests.framework in Frameworks */ = {isa = PBXBuildFile; fileRef = C4EB135D86329F42AA9CDEF9 /* Pods_AdAnalysisUITests.framework */; };
		B095F35D3F753BD83D734B35 /* Pods_AdAnalysis.framework in Frameworks */ = {isa = PBXBuildFile; fileRef = C0CBF0DF4D10F9034EAAD943 /* Pods_AdAnalysis.framework */; };
		E5BAD8651E6508860089F9B5 /* AppDelegate.swift in Sources */ = {isa = PBXBuildFile; fileRef = E5BAD8641E6508860089F9B5 /* AppDelegate.swift */; };
		E5BAD8671E6508860089F9B5 /* ViewController.swift in Sources */ = {isa = PBXBuildFile; fileRef = E5BAD8661E6508860089F9B5 /* ViewController.swift */; };
		E5BAD86A1E6508860089F9B5 /* Main.storyboard in Resources */ = {isa = PBXBuildFile; fileRef = E5BAD8681E6508860089F9B5 /* Main.storyboard */; };
		E5BAD86C1E6508860089F9B5 /* Assets.xcassets in Resources */ = {isa = PBXBuildFile; fileRef = E5BAD86B1E6508860089F9B5 /* Assets.xcassets */; };
		E5BAD86F1E6508860089F9B5 /* LaunchScreen.storyboard in Resources */ = {isa = PBXBuildFile; fileRef = E5BAD86D1E6508860089F9B5 /* LaunchScreen.storyboard */; };
		E5BAD87A1E6508860089F9B5 /* AdAnalysisTests.swift in Sources */ = {isa = PBXBuildFile; fileRef = E5BAD8791E6508860089F9B5 /* AdAnalysisTests.swift */; };
		E5BAD8851E6508860089F9B5 /* AdAnalysisUITests.swift in Sources */ = {isa = PBXBuildFile; fileRef = E5BAD8841E6508860089F9B5 /* AdAnalysisUITests.swift */; };
		E5BAD8A31E66A44E0089F9B5 /* LCTabBarController.swift in Sources */ = {isa = PBXBuildFile; fileRef = E5BAD8A21E66A44E0089F9B5 /* LCTabBarController.swift */; };
		E5BAD8A61E66A5540089F9B5 /* LCViewController.swift in Sources */ = {isa = PBXBuildFile; fileRef = E5BAD8A51E66A5540089F9B5 /* LCViewController.swift */; };
		E5BAD8A81E66A5990089F9B5 /* LCAdRootViewController.swift in Sources */ = {isa = PBXBuildFile; fileRef = E5BAD8A71E66A5990089F9B5 /* LCAdRootViewController.swift */; };
		E5BAD8AA1E66A6AA0089F9B5 /* LCViewModel.swift in Sources */ = {isa = PBXBuildFile; fileRef = E5BAD8A91E66A6AA0089F9B5 /* LCViewModel.swift */; };
		E5BAD8AC1E66A9C70089F9B5 /* LCNavigationController.swift in Sources */ = {isa = PBXBuildFile; fileRef = E5BAD8AB1E66A9C70089F9B5 /* LCNavigationController.swift */; };
		E5BAD8AE1E66AD4F0089F9B5 /* LCAdRootViewModel.swift in Sources */ = {isa = PBXBuildFile; fileRef = E5BAD8AD1E66AD4F0089F9B5 /* LCAdRootViewModel.swift */; };
		E5BAD8B11E66C0670089F9B5 /* LCAd.swift in Sources */ = {isa = PBXBuildFile; fileRef = E5BAD8B01E66C0670089F9B5 /* LCAd.swift */; };
		E5BAD8B31E66C16A0089F9B5 /* LCVisit.swift in Sources */ = {isa = PBXBuildFile; fileRef = E5BAD8B21E66C16A0089F9B5 /* LCVisit.swift */; };
		E5BAD8BA1E680D920089F9B5 /* LCAdNewViewController.swift in Sources */ = {isa = PBXBuildFile; fileRef = E5BAD8B91E680D920089F9B5 /* LCAdNewViewController.swift */; };
		E5BAD8BC1E680DBD0089F9B5 /* LCAdNewViewModel.swift in Sources */ = {isa = PBXBuildFile; fileRef = E5BAD8BB1E680DBD0089F9B5 /* LCAdNewViewModel.swift */; };
		FB2FC5A5B61E4341B2DB01DE /* Pods_AdAnalysisTests.framework in Frameworks */ = {isa = PBXBuildFile; fileRef = B048AE4C7EDBBEA70D540D21 /* Pods_AdAnalysisTests.framework */; };
/* End PBXBuildFile section */

/* Begin PBXContainerItemProxy section */
		E5BAD8761E6508860089F9B5 /* PBXContainerItemProxy */ = {
			isa = PBXContainerItemProxy;
			containerPortal = E5BAD8591E6508860089F9B5 /* Project object */;
			proxyType = 1;
			remoteGlobalIDString = E5BAD8601E6508860089F9B5;
			remoteInfo = AdAnalysis;
		};
		E5BAD8811E6508860089F9B5 /* PBXContainerItemProxy */ = {
			isa = PBXContainerItemProxy;
			containerPortal = E5BAD8591E6508860089F9B5 /* Project object */;
			proxyType = 1;
			remoteGlobalIDString = E5BAD8601E6508860089F9B5;
			remoteInfo = AdAnalysis;
		};
/* End PBXContainerItemProxy section */

/* Begin PBXFileReference section */
		22662045B7098253B71D6F07 /* Pods-AdAnalysisTests.debug.xcconfig */ = {isa = PBXFileReference; includeInIndex = 1; lastKnownFileType = text.xcconfig; name = "Pods-AdAnalysisTests.debug.xcconfig"; path = "Pods/Target Support Files/Pods-AdAnalysisTests/Pods-AdAnalysisTests.debug.xcconfig"; sourceTree = "<group>"; };
		3CE367A9D8ABF89D33E23C67 /* Pods-AdAnalysis.release.xcconfig */ = {isa = PBXFileReference; includeInIndex = 1; lastKnownFileType = text.xcconfig; name = "Pods-AdAnalysis.release.xcconfig"; path = "Pods/Target Support Files/Pods-AdAnalysis/Pods-AdAnalysis.release.xcconfig"; sourceTree = "<group>"; };
		427B7077AC3A4E3506410588 /* Pods-AdAnalysisUITests.debug.xcconfig */ = {isa = PBXFileReference; includeInIndex = 1; lastKnownFileType = text.xcconfig; name = "Pods-AdAnalysisUITests.debug.xcconfig"; path = "Pods/Target Support Files/Pods-AdAnalysisUITests/Pods-AdAnalysisUITests.debug.xcconfig"; sourceTree = "<group>"; };
		9C3C2629B6DDD8B4282E42A5 /* Pods-AdAnalysisUITests.release.xcconfig */ = {isa = PBXFileReference; includeInIndex = 1; lastKnownFileType = text.xcconfig; name = "Pods-AdAnalysisUITests.release.xcconfig"; path = "Pods/Target Support Files/Pods-AdAnalysisUITests/Pods-AdAnalysisUITests.release.xcconfig"; sourceTree = "<group>"; };
		A43129ECCBEA56F848914D69 /* Pods-AdAnalysisTests.release.xcconfig */ = {isa = PBXFileReference; includeInIndex = 1; lastKnownFileType = text.xcconfig; name = "Pods-AdAnalysisTests.release.xcconfig"; path = "Pods/Target Support Files/Pods-AdAnalysisTests/Pods-AdAnalysisTests.release.xcconfig"; sourceTree = "<group>"; };
		B048AE4C7EDBBEA70D540D21 /* Pods_AdAnalysisTests.framework */ = {isa = PBXFileReference; explicitFileType = wrapper.framework; includeInIndex = 0; path = Pods_AdAnalysisTests.framework; sourceTree = BUILT_PRODUCTS_DIR; };
		BEC88F676BF51C543547DFF7 /* Pods-AdAnalysis.debug.xcconfig */ = {isa = PBXFileReference; includeInIndex = 1; lastKnownFileType = text.xcconfig; name = "Pods-AdAnalysis.debug.xcconfig"; path = "Pods/Target Support Files/Pods-AdAnalysis/Pods-AdAnalysis.debug.xcconfig"; sourceTree = "<group>"; };
		C0CBF0DF4D10F9034EAAD943 /* Pods_AdAnalysis.framework */ = {isa = PBXFileReference; explicitFileType = wrapper.framework; includeInIndex = 0; path = Pods_AdAnalysis.framework; sourceTree = BUILT_PRODUCTS_DIR; };
		C4EB135D86329F42AA9CDEF9 /* Pods_AdAnalysisUITests.framework */ = {isa = PBXFileReference; explicitFileType = wrapper.framework; includeInIndex = 0; path = Pods_AdAnalysisUITests.framework; sourceTree = BUILT_PRODUCTS_DIR; };
		E5BAD8611E6508860089F9B5 /* AdAnalysis.app */ = {isa = PBXFileReference; explicitFileType = wrapper.application; includeInIndex = 0; path = AdAnalysis.app; sourceTree = BUILT_PRODUCTS_DIR; };
		E5BAD8641E6508860089F9B5 /* AppDelegate.swift */ = {isa = PBXFileReference; lastKnownFileType = sourcecode.swift; path = AppDelegate.swift; sourceTree = "<group>"; };
		E5BAD8661E6508860089F9B5 /* ViewController.swift */ = {isa = PBXFileReference; lastKnownFileType = sourcecode.swift; path = ViewController.swift; sourceTree = "<group>"; };
		E5BAD8691E6508860089F9B5 /* Base */ = {isa = PBXFileReference; lastKnownFileType = file.storyboard; name = Base; path = Base.lproj/Main.storyboard; sourceTree = "<group>"; };
		E5BAD86B1E6508860089F9B5 /* Assets.xcassets */ = {isa = PBXFileReference; lastKnownFileType = folder.assetcatalog; path = Assets.xcassets; sourceTree = "<group>"; };
		E5BAD86E1E6508860089F9B5 /* Base */ = {isa = PBXFileReference; lastKnownFileType = file.storyboard; name = Base; path = Base.lproj/LaunchScreen.storyboard; sourceTree = "<group>"; };
		E5BAD8701E6508860089F9B5 /* Info.plist */ = {isa = PBXFileReference; lastKnownFileType = text.plist.xml; path = Info.plist; sourceTree = "<group>"; };
		E5BAD8751E6508860089F9B5 /* AdAnalysisTests.xctest */ = {isa = PBXFileReference; explicitFileType = wrapper.cfbundle; includeInIndex = 0; path = AdAnalysisTests.xctest; sourceTree = BUILT_PRODUCTS_DIR; };
		E5BAD8791E6508860089F9B5 /* AdAnalysisTests.swift */ = {isa = PBXFileReference; lastKnownFileType = sourcecode.swift; path = AdAnalysisTests.swift; sourceTree = "<group>"; };
		E5BAD87B1E6508860089F9B5 /* Info.plist */ = {isa = PBXFileReference; lastKnownFileType = text.plist.xml; path = Info.plist; sourceTree = "<group>"; };
		E5BAD8801E6508860089F9B5 /* AdAnalysisUITests.xctest */ = {isa = PBXFileReference; explicitFileType = wrapper.cfbundle; includeInIndex = 0; path = AdAnalysisUITests.xctest; sourceTree = BUILT_PRODUCTS_DIR; };
		E5BAD8841E6508860089F9B5 /* AdAnalysisUITests.swift */ = {isa = PBXFileReference; lastKnownFileType = sourcecode.swift; path = AdAnalysisUITests.swift; sourceTree = "<group>"; };
		E5BAD8861E6508860089F9B5 /* Info.plist */ = {isa = PBXFileReference; lastKnownFileType = text.plist.xml; path = Info.plist; sourceTree = "<group>"; };
		E5BAD8A21E66A44E0089F9B5 /* LCTabBarController.swift */ = {isa = PBXFileReference; fileEncoding = 4; lastKnownFileType = sourcecode.swift; path = LCTabBarController.swift; sourceTree = "<group>"; };
		E5BAD8A51E66A5540089F9B5 /* LCViewController.swift */ = {isa = PBXFileReference; fileEncoding = 4; lastKnownFileType = sourcecode.swift; name = LCViewController.swift; path = Util/UI/LCViewController.swift; sourceTree = "<group>"; };
		E5BAD8A71E66A5990089F9B5 /* LCAdRootViewController.swift */ = {isa = PBXFileReference; fileEncoding = 4; lastKnownFileType = sourcecode.swift; name = LCAdRootViewController.swift; path = Ad/ViewController/LCAdRootViewController.swift; sourceTree = "<group>"; };
		E5BAD8A91E66A6AA0089F9B5 /* LCViewModel.swift */ = {isa = PBXFileReference; fileEncoding = 4; lastKnownFileType = sourcecode.swift; name = LCViewModel.swift; path = Util/UI/LCViewModel.swift; sourceTree = "<group>"; };
		E5BAD8AB1E66A9C70089F9B5 /* LCNavigationController.swift */ = {isa = PBXFileReference; fileEncoding = 4; lastKnownFileType = sourcecode.swift; path = LCNavigationController.swift; sourceTree = "<group>"; };
		E5BAD8AD1E66AD4F0089F9B5 /* LCAdRootViewModel.swift */ = {isa = PBXFileReference; fileEncoding = 4; lastKnownFileType = sourcecode.swift; name = LCAdRootViewModel.swift; path = Ad/ViewModel/LCAdRootViewModel.swift; sourceTree = "<group>"; };
		E5BAD8B01E66C0670089F9B5 /* LCAd.swift */ = {isa = PBXFileReference; fileEncoding = 4; lastKnownFileType = sourcecode.swift; name = LCAd.swift; path = Ad/Model/LCAd.swift; sourceTree = "<group>"; };
		E5BAD8B21E66C16A0089F9B5 /* LCVisit.swift */ = {isa = PBXFileReference; fileEncoding = 4; lastKnownFileType = sourcecode.swift; name = LCVisit.swift; path = Ad/Model/LCVisit.swift; sourceTree = "<group>"; };
		E5BAD8B91E680D920089F9B5 /* LCAdNewViewController.swift */ = {isa = PBXFileReference; fileEncoding = 4; lastKnownFileType = sourcecode.swift; name = LCAdNewViewController.swift; path = Ad/ViewController/LCAdNewViewController.swift; sourceTree = "<group>"; };
		E5BAD8BB1E680DBD0089F9B5 /* LCAdNewViewModel.swift */ = {isa = PBXFileReference; fileEncoding = 4; lastKnownFileType = sourcecode.swift; name = LCAdNewViewModel.swift; path = Ad/ViewModel/LCAdNewViewModel.swift; sourceTree = "<group>"; };
/* End PBXFileReference section */

/* Begin PBXFrameworksBuildPhase section */
		E5BAD85E1E6508860089F9B5 /* Frameworks */ = {
			isa = PBXFrameworksBuildPhase;
			buildActionMask = 2147483647;
			files = (
				B095F35D3F753BD83D734B35 /* Pods_AdAnalysis.framework in Frameworks */,
			);
			runOnlyForDeploymentPostprocessing = 0;
		};
		E5BAD8721E6508860089F9B5 /* Frameworks */ = {
			isa = PBXFrameworksBuildPhase;
			buildActionMask = 2147483647;
			files = (
				FB2FC5A5B61E4341B2DB01DE /* Pods_AdAnalysisTests.framework in Frameworks */,
			);
			runOnlyForDeploymentPostprocessing = 0;
		};
		E5BAD87D1E6508860089F9B5 /* Frameworks */ = {
			isa = PBXFrameworksBuildPhase;
			buildActionMask = 2147483647;
			files = (
				ADD7B0970DE7B59301F23F7B /* Pods_AdAnalysisUITests.framework in Frameworks */,
			);
			runOnlyForDeploymentPostprocessing = 0;
		};
/* End PBXFrameworksBuildPhase section */

/* Begin PBXGroup section */
		1FA2C8E8B450DBA14F663A9B /* Pods */ = {
			isa = PBXGroup;
			children = (
				BEC88F676BF51C543547DFF7 /* Pods-AdAnalysis.debug.xcconfig */,
				3CE367A9D8ABF89D33E23C67 /* Pods-AdAnalysis.release.xcconfig */,
				22662045B7098253B71D6F07 /* Pods-AdAnalysisTests.debug.xcconfig */,
				A43129ECCBEA56F848914D69 /* Pods-AdAnalysisTests.release.xcconfig */,
				427B7077AC3A4E3506410588 /* Pods-AdAnalysisUITests.debug.xcconfig */,
				9C3C2629B6DDD8B4282E42A5 /* Pods-AdAnalysisUITests.release.xcconfig */,
			);
			name = Pods;
			sourceTree = "<group>";
		};
		B2ADE40280FB640EA4863CAD /* Frameworks */ = {
			isa = PBXGroup;
			children = (
				C0CBF0DF4D10F9034EAAD943 /* Pods_AdAnalysis.framework */,
				B048AE4C7EDBBEA70D540D21 /* Pods_AdAnalysisTests.framework */,
				C4EB135D86329F42AA9CDEF9 /* Pods_AdAnalysisUITests.framework */,
			);
			name = Frameworks;
			sourceTree = "<group>";
		};
		E5BAD8581E6508860089F9B5 = {
			isa = PBXGroup;
			children = (
				E5BAD8631E6508860089F9B5 /* AdAnalysis */,
				E5BAD8781E6508860089F9B5 /* AdAnalysisTests */,
				E5BAD8831E6508860089F9B5 /* AdAnalysisUITests */,
				E5BAD8621E6508860089F9B5 /* Products */,
				1FA2C8E8B450DBA14F663A9B /* Pods */,
				B2ADE40280FB640EA4863CAD /* Frameworks */,
			);
			sourceTree = "<group>";
		};
		E5BAD8621E6508860089F9B5 /* Products */ = {
			isa = PBXGroup;
			children = (
				E5BAD8611E6508860089F9B5 /* AdAnalysis.app */,
				E5BAD8751E6508860089F9B5 /* AdAnalysisTests.xctest */,
				E5BAD8801E6508860089F9B5 /* AdAnalysisUITests.xctest */,
			);
			name = Products;
			sourceTree = "<group>";
		};
		E5BAD8631E6508860089F9B5 /* AdAnalysis */ = {
			isa = PBXGroup;
			children = (
				E5BAD8A21E66A44E0089F9B5 /* LCTabBarController.swift */,
				E5BAD8AB1E66A9C70089F9B5 /* LCNavigationController.swift */,
				E5BAD89B1E66A3610089F9B5 /* Ad */,
				E5BAD89C1E66A37A0089F9B5 /* Util */,
				E5BAD8641E6508860089F9B5 /* AppDelegate.swift */,
				E5BAD8661E6508860089F9B5 /* ViewController.swift */,
				E5BAD8681E6508860089F9B5 /* Main.storyboard */,
				E5BAD86B1E6508860089F9B5 /* Assets.xcassets */,
				E5BAD86D1E6508860089F9B5 /* LaunchScreen.storyboard */,
				E5BAD8701E6508860089F9B5 /* Info.plist */,
			);
			path = AdAnalysis;
			sourceTree = "<group>";
		};
		E5BAD8781E6508860089F9B5 /* AdAnalysisTests */ = {
			isa = PBXGroup;
			children = (
				E5BAD8791E6508860089F9B5 /* AdAnalysisTests.swift */,
				E5BAD87B1E6508860089F9B5 /* Info.plist */,
			);
			path = AdAnalysisTests;
			sourceTree = "<group>";
		};
		E5BAD8831E6508860089F9B5 /* AdAnalysisUITests */ = {
			isa = PBXGroup;
			children = (
				E5BAD8841E6508860089F9B5 /* AdAnalysisUITests.swift */,
				E5BAD8861E6508860089F9B5 /* Info.plist */,
			);
			path = AdAnalysisUITests;
			sourceTree = "<group>";
		};
		E5BAD89B1E66A3610089F9B5 /* Ad */ = {
			isa = PBXGroup;
			children = (
				E5BAD89E1E66A3A20089F9B5 /* ViewController */,
				E5BAD8A01E66A3B70089F9B5 /* ViewModel */,
				E5BAD89F1E66A3AF0089F9B5 /* View */,
				E5BAD8AF1E66C0280089F9B5 /* Model */,
				E5BAD8A11E66A3BF0089F9B5 /* Resource */,
			);
			name = Ad;
			sourceTree = "<group>";
		};
		E5BAD89C1E66A37A0089F9B5 /* Util */ = {
			isa = PBXGroup;
			children = (
				E5BAD8A41E66A4860089F9B5 /* UI */,
				E5BAD89D1E66A3830089F9B5 /* Networking */,
			);
			name = Util;
			sourceTree = "<group>";
		};
		E5BAD89D1E66A3830089F9B5 /* Networking */ = {
			isa = PBXGroup;
			children = (
			);
			name = Networking;
			sourceTree = "<group>";
		};
		E5BAD89E1E66A3A20089F9B5 /* ViewController */ = {
			isa = PBXGroup;
			children = (
				E5BAD8A71E66A5990089F9B5 /* LCAdRootViewController.swift */,
				E5BAD8B91E680D920089F9B5 /* LCAdNewViewController.swift */,
			);
			name = ViewController;
			sourceTree = "<group>";
		};
		E5BAD89F1E66A3AF0089F9B5 /* View */ = {
			isa = PBXGroup;
			children = (
			);
			name = View;
			sourceTree = "<group>";
		};
		E5BAD8A01E66A3B70089F9B5 /* ViewModel */ = {
			isa = PBXGroup;
			children = (
				E5BAD8AD1E66AD4F0089F9B5 /* LCAdRootViewModel.swift */,
				E5BAD8BB1E680DBD0089F9B5 /* LCAdNewViewModel.swift */,
			);
			name = ViewModel;
			sourceTree = "<group>";
		};
		E5BAD8A11E66A3BF0089F9B5 /* Resource */ = {
			isa = PBXGroup;
			children = (
			);
			name = Resource;
			sourceTree = "<group>";
		};
		E5BAD8A41E66A4860089F9B5 /* UI */ = {
			isa = PBXGroup;
			children = (
				E5BAD8A51E66A5540089F9B5 /* LCViewController.swift */,
				E5BAD8A91E66A6AA0089F9B5 /* LCViewModel.swift */,
			);
			name = UI;
			sourceTree = "<group>";
		};
		E5BAD8AF1E66C0280089F9B5 /* Model */ = {
			isa = PBXGroup;
			children = (
				E5BAD8B01E66C0670089F9B5 /* LCAd.swift */,
				E5BAD8B21E66C16A0089F9B5 /* LCVisit.swift */,
			);
			name = Model;
			sourceTree = "<group>";
		};
/* End PBXGroup section */

/* Begin PBXNativeTarget section */
		E5BAD8601E6508860089F9B5 /* AdAnalysis */ = {
			isa = PBXNativeTarget;
			buildConfigurationList = E5BAD8891E6508860089F9B5 /* Build configuration list for PBXNativeTarget "AdAnalysis" */;
			buildPhases = (
				D02955DC4D4C49A074335C98 /* [CP] Check Pods Manifest.lock */,
				E5BAD85D1E6508860089F9B5 /* Sources */,
				E5BAD85E1E6508860089F9B5 /* Frameworks */,
				E5BAD85F1E6508860089F9B5 /* Resources */,
				DA1F85D558F50E2E9D93D299 /* [CP] Embed Pods Frameworks */,
				1F644AEDC525B557C030056C /* [CP] Copy Pods Resources */,
			);
			buildRules = (
			);
			dependencies = (
			);
			name = AdAnalysis;
			productName = AdAnalysis;
			productReference = E5BAD8611E6508860089F9B5 /* AdAnalysis.app */;
			productType = "com.apple.product-type.application";
		};
		E5BAD8741E6508860089F9B5 /* AdAnalysisTests */ = {
			isa = PBXNativeTarget;
			buildConfigurationList = E5BAD88C1E6508860089F9B5 /* Build configuration list for PBXNativeTarget "AdAnalysisTests" */;
			buildPhases = (
				BE245029684DAAB27D0D4B17 /* [CP] Check Pods Manifest.lock */,
				E5BAD8711E6508860089F9B5 /* Sources */,
				E5BAD8721E6508860089F9B5 /* Frameworks */,
				E5BAD8731E6508860089F9B5 /* Resources */,
				091A383614E882C5ED4626B5 /* [CP] Embed Pods Frameworks */,
				3BE569AEB3E2724D63C0EBC4 /* [CP] Copy Pods Resources */,
			);
			buildRules = (
			);
			dependencies = (
				E5BAD8771E6508860089F9B5 /* PBXTargetDependency */,
			);
			name = AdAnalysisTests;
			productName = AdAnalysisTests;
			productReference = E5BAD8751E6508860089F9B5 /* AdAnalysisTests.xctest */;
			productType = "com.apple.product-type.bundle.unit-test";
		};
		E5BAD87F1E6508860089F9B5 /* AdAnalysisUITests */ = {
			isa = PBXNativeTarget;
			buildConfigurationList = E5BAD88F1E6508860089F9B5 /* Build configuration list for PBXNativeTarget "AdAnalysisUITests" */;
			buildPhases = (
				D6EFFF0ADFB2F70B5F7EC76A /* [CP] Check Pods Manifest.lock */,
				E5BAD87C1E6508860089F9B5 /* Sources */,
				E5BAD87D1E6508860089F9B5 /* Frameworks */,
				E5BAD87E1E6508860089F9B5 /* Resources */,
				0B5E56CC1066A23623A76A38 /* [CP] Embed Pods Frameworks */,
				DD3A7E8CC78CB86A7529C7BF /* [CP] Copy Pods Resources */,
			);
			buildRules = (
			);
			dependencies = (
				E5BAD8821E6508860089F9B5 /* PBXTargetDependency */,
			);
			name = AdAnalysisUITests;
			productName = AdAnalysisUITests;
			productReference = E5BAD8801E6508860089F9B5 /* AdAnalysisUITests.xctest */;
			productType = "com.apple.product-type.bundle.ui-testing";
		};
/* End PBXNativeTarget section */

/* Begin PBXProject section */
		E5BAD8591E6508860089F9B5 /* Project object */ = {
			isa = PBXProject;
			attributes = {
				LastSwiftUpdateCheck = 0810;
				LastUpgradeCheck = 0810;
				ORGANIZATIONNAME = Chao;
				TargetAttributes = {
					E5BAD8601E6508860089F9B5 = {
						CreatedOnToolsVersion = 8.1;
						DevelopmentTeam = 93UJTFF547;
						ProvisioningStyle = Automatic;
					};
					E5BAD8741E6508860089F9B5 = {
						CreatedOnToolsVersion = 8.1;
						DevelopmentTeam = 93UJTFF547;
						ProvisioningStyle = Automatic;
						TestTargetID = E5BAD8601E6508860089F9B5;
					};
					E5BAD87F1E6508860089F9B5 = {
						CreatedOnToolsVersion = 8.1;
						DevelopmentTeam = 93UJTFF547;
						ProvisioningStyle = Automatic;
						TestTargetID = E5BAD8601E6508860089F9B5;
					};
				};
			};
			buildConfigurationList = E5BAD85C1E6508860089F9B5 /* Build configuration list for PBXProject "AdAnalysis" */;
			compatibilityVersion = "Xcode 3.2";
			developmentRegion = English;
			hasScannedForEncodings = 0;
			knownRegions = (
				en,
				Base,
			);
			mainGroup = E5BAD8581E6508860089F9B5;
			productRefGroup = E5BAD8621E6508860089F9B5 /* Products */;
			projectDirPath = "";
			projectRoot = "";
			targets = (
				E5BAD8601E6508860089F9B5 /* AdAnalysis */,
				E5BAD8741E6508860089F9B5 /* AdAnalysisTests */,
				E5BAD87F1E6508860089F9B5 /* AdAnalysisUITests */,
			);
		};
/* End PBXProject section */

/* Begin PBXResourcesBuildPhase section */
		E5BAD85F1E6508860089F9B5 /* Resources */ = {
			isa = PBXResourcesBuildPhase;
			buildActionMask = 2147483647;
			files = (
				E5BAD86F1E6508860089F9B5 /* LaunchScreen.storyboard in Resources */,
				E5BAD86C1E6508860089F9B5 /* Assets.xcassets in Resources */,
				E5BAD86A1E6508860089F9B5 /* Main.storyboard in Resources */,
			);
			runOnlyForDeploymentPostprocessing = 0;
		};
		E5BAD8731E6508860089F9B5 /* Resources */ = {
			isa = PBXResourcesBuildPhase;
			buildActionMask = 2147483647;
			files = (
			);
			runOnlyForDeploymentPostprocessing = 0;
		};
		E5BAD87E1E6508860089F9B5 /* Resources */ = {
			isa = PBXResourcesBuildPhase;
			buildActionMask = 2147483647;
			files = (
			);
			runOnlyForDeploymentPostprocessing = 0;
		};
/* End PBXResourcesBuildPhase section */

/* Begin PBXShellScriptBuildPhase section */
		091A383614E882C5ED4626B5 /* [CP] Embed Pods Frameworks */ = {
			isa = PBXShellScriptBuildPhase;
			buildActionMask = 2147483647;
			files = (
			);
			inputPaths = (
			);
			name = "[CP] Embed Pods Frameworks";
			outputPaths = (
			);
			runOnlyForDeploymentPostprocessing = 0;
			shellPath = /bin/sh;
			shellScript = "\"${SRCROOT}/Pods/Target Support Files/Pods-AdAnalysisTests/Pods-AdAnalysisTests-frameworks.sh\"\n";
			showEnvVarsInLog = 0;
		};
		0B5E56CC1066A23623A76A38 /* [CP] Embed Pods Frameworks */ = {
			isa = PBXShellScriptBuildPhase;
			buildActionMask = 2147483647;
			files = (
			);
			inputPaths = (
			);
			name = "[CP] Embed Pods Frameworks";
			outputPaths = (
			);
			runOnlyForDeploymentPostprocessing = 0;
			shellPath = /bin/sh;
			shellScript = "\"${SRCROOT}/Pods/Target Support Files/Pods-AdAnalysisUITests/Pods-AdAnalysisUITests-frameworks.sh\"\n";
			showEnvVarsInLog = 0;
		};
		1F644AEDC525B557C030056C /* [CP] Copy Pods Resources */ = {
			isa = PBXShellScriptBuildPhase;
			buildActionMask = 2147483647;
			files = (
			);
			inputPaths = (
			);
			name = "[CP] Copy Pods Resources";
			outputPaths = (
			);
			runOnlyForDeploymentPostprocessing = 0;
			shellPath = /bin/sh;
			shellScript = "\"${SRCROOT}/Pods/Target Support Files/Pods-AdAnalysis/Pods-AdAnalysis-resources.sh\"\n";
			showEnvVarsInLog = 0;
		};
		3BE569AEB3E2724D63C0EBC4 /* [CP] Copy Pods Resources */ = {
			isa = PBXShellScriptBuildPhase;
			buildActionMask = 2147483647;
			files = (
			);
			inputPaths = (
			);
			name = "[CP] Copy Pods Resources";
			outputPaths = (
			);
			runOnlyForDeploymentPostprocessing = 0;
			shellPath = /bin/sh;
			shellScript = "\"${SRCROOT}/Pods/Target Support Files/Pods-AdAnalysisTests/Pods-AdAnalysisTests-resources.sh\"\n";
			showEnvVarsInLog = 0;
		};
		BE245029684DAAB27D0D4B17 /* [CP] Check Pods Manifest.lock */ = {
			isa = PBXShellScriptBuildPhase;
			buildActionMask = 2147483647;
			files = (
			);
			inputPaths = (
			);
			name = "[CP] Check Pods Manifest.lock";
			outputPaths = (
			);
			runOnlyForDeploymentPostprocessing = 0;
			shellPath = /bin/sh;
			shellScript = "diff \"${PODS_ROOT}/../Podfile.lock\" \"${PODS_ROOT}/Manifest.lock\" > /dev/null\nif [ $? != 0 ] ; then\n    # print error to STDERR\n    echo \"error: The sandbox is not in sync with the Podfile.lock. Run 'pod install' or update your CocoaPods installation.\" >&2\n    exit 1\nfi\n";
			showEnvVarsInLog = 0;
		};
		D02955DC4D4C49A074335C98 /* [CP] Check Pods Manifest.lock */ = {
			isa = PBXShellScriptBuildPhase;
			buildActionMask = 2147483647;
			files = (
			);
			inputPaths = (
			);
			name = "[CP] Check Pods Manifest.lock";
			outputPaths = (
			);
			runOnlyForDeploymentPostprocessing = 0;
			shellPath = /bin/sh;
			shellScript = "diff \"${PODS_ROOT}/../Podfile.lock\" \"${PODS_ROOT}/Manifest.lock\" > /dev/null\nif [ $? != 0 ] ; then\n    # print error to STDERR\n    echo \"error: The sandbox is not in sync with the Podfile.lock. Run 'pod install' or update your CocoaPods installation.\" >&2\n    exit 1\nfi\n";
			showEnvVarsInLog = 0;
		};
		D6EFFF0ADFB2F70B5F7EC76A /* [CP] Check Pods Manifest.lock */ = {
			isa = PBXShellScriptBuildPhase;
			buildActionMask = 2147483647;
			files = (
			);
			inputPaths = (
			);
			name = "[CP] Check Pods Manifest.lock";
			outputPaths = (
			);
			runOnlyForDeploymentPostprocessing = 0;
			shellPath = /bin/sh;
			shellScript = "diff \"${PODS_ROOT}/../Podfile.lock\" \"${PODS_ROOT}/Manifest.lock\" > /dev/null\nif [ $? != 0 ] ; then\n    # print error to STDERR\n    echo \"error: The sandbox is not in sync with the Podfile.lock. Run 'pod install' or update your CocoaPods installation.\" >&2\n    exit 1\nfi\n";
			showEnvVarsInLog = 0;
		};
		DA1F85D558F50E2E9D93D299 /* [CP] Embed Pods Frameworks */ = {
			isa = PBXShellScriptBuildPhase;
			buildActionMask = 2147483647;
			files = (
			);
			inputPaths = (
			);
			name = "[CP] Embed Pods Frameworks";
			outputPaths = (
			);
			runOnlyForDeploymentPostprocessing = 0;
			shellPath = /bin/sh;
			shellScript = "\"${SRCROOT}/Pods/Target Support Files/Pods-AdAnalysis/Pods-AdAnalysis-frameworks.sh\"\n";
			showEnvVarsInLog = 0;
		};
		DD3A7E8CC78CB86A7529C7BF /* [CP] Copy Pods Resources */ = {
			isa = PBXShellScriptBuildPhase;
			buildActionMask = 2147483647;
			files = (
			);
			inputPaths = (
			);
			name = "[CP] Copy Pods Resources";
			outputPaths = (
			);
			runOnlyForDeploymentPostprocessing = 0;
			shellPath = /bin/sh;
			shellScript = "\"${SRCROOT}/Pods/Target Support Files/Pods-AdAnalysisUITests/Pods-AdAnalysisUITests-resources.sh\"\n";
			showEnvVarsInLog = 0;
		};
/* End PBXShellScriptBuildPhase section */

/* Begin PBXSourcesBuildPhase section */
		E5BAD85D1E6508860089F9B5 /* Sources */ = {
			isa = PBXSourcesBuildPhase;
			buildActionMask = 2147483647;
			files = (
				E5BAD8BA1E680D920089F9B5 /* LCAdNewViewController.swift in Sources */,
				E5BAD8B31E66C16A0089F9B5 /* LCVisit.swift in Sources */,
				E5BAD8B11E66C0670089F9B5 /* LCAd.swift in Sources */,
				E5BAD8AC1E66A9C70089F9B5 /* LCNavigationController.swift in Sources */,
				E5BAD8671E6508860089F9B5 /* ViewController.swift in Sources */,
				E5BAD8A81E66A5990089F9B5 /* LCAdRootViewController.swift in Sources */,
				E5BAD8651E6508860089F9B5 /* AppDelegate.swift in Sources */,
				E5BAD8BC1E680DBD0089F9B5 /* LCAdNewViewModel.swift in Sources */,
				E5BAD8AA1E66A6AA0089F9B5 /* LCViewModel.swift in Sources */,
				E5BAD8A31E66A44E0089F9B5 /* LCTabBarController.swift in Sources */,
				E5BAD8AE1E66AD4F0089F9B5 /* LCAdRootViewModel.swift in Sources */,
				E5BAD8A61E66A5540089F9B5 /* LCViewController.swift in Sources */,
			);
			runOnlyForDeploymentPostprocessing = 0;
		};
		E5BAD8711E6508860089F9B5 /* Sources */ = {
			isa = PBXSourcesBuildPhase;
			buildActionMask = 2147483647;
			files = (
				E5BAD87A1E6508860089F9B5 /* AdAnalysisTests.swift in Sources */,
			);
			runOnlyForDeploymentPostprocessing = 0;
		};
		E5BAD87C1E6508860089F9B5 /* Sources */ = {
			isa = PBXSourcesBuildPhase;
			buildActionMask = 2147483647;
			files = (
				E5BAD8851E6508860089F9B5 /* AdAnalysisUITests.swift in Sources */,
			);
			runOnlyForDeploymentPostprocessing = 0;
		};
/* End PBXSourcesBuildPhase section */

/* Begin PBXTargetDependency section */
		E5BAD8771E6508860089F9B5 /* PBXTargetDependency */ = {
			isa = PBXTargetDependency;
			target = E5BAD8601E6508860089F9B5 /* AdAnalysis */;
			targetProxy = E5BAD8761E6508860089F9B5 /* PBXContainerItemProxy */;
		};
		E5BAD8821E6508860089F9B5 /* PBXTargetDependency */ = {
			isa = PBXTargetDependency;
			target = E5BAD8601E6508860089F9B5 /* AdAnalysis */;
			targetProxy = E5BAD8811E6508860089F9B5 /* PBXContainerItemProxy */;
		};
/* End PBXTargetDependency section */

/* Begin PBXVariantGroup section */
		E5BAD8681E6508860089F9B5 /* Main.storyboard */ = {
			isa = PBXVariantGroup;
			children = (
				E5BAD8691E6508860089F9B5 /* Base */,
			);
			name = Main.storyboard;
			sourceTree = "<group>";
		};
		E5BAD86D1E6508860089F9B5 /* LaunchScreen.storyboard */ = {
			isa = PBXVariantGroup;
			children = (
				E5BAD86E1E6508860089F9B5 /* Base */,
			);
			name = LaunchScreen.storyboard;
			sourceTree = "<group>";
		};
/* End PBXVariantGroup section */

/* Begin XCBuildConfiguration section */
		E5BAD8871E6508860089F9B5 /* Debug */ = {
			isa = XCBuildConfiguration;
			buildSettings = {
				ALWAYS_SEARCH_USER_PATHS = NO;
				CLANG_ANALYZER_NONNULL = YES;
				CLANG_CXX_LANGUAGE_STANDARD = "gnu++0x";
				CLANG_CXX_LIBRARY = "libc++";
				CLANG_ENABLE_MODULES = YES;
				CLANG_ENABLE_OBJC_ARC = YES;
				CLANG_WARN_BOOL_CONVERSION = YES;
				CLANG_WARN_CONSTANT_CONVERSION = YES;
				CLANG_WARN_DIRECT_OBJC_ISA_USAGE = YES_ERROR;
				CLANG_WARN_DOCUMENTATION_COMMENTS = YES;
				CLANG_WARN_EMPTY_BODY = YES;
				CLANG_WARN_ENUM_CONVERSION = YES;
				CLANG_WARN_INFINITE_RECURSION = YES;
				CLANG_WARN_INT_CONVERSION = YES;
				CLANG_WARN_OBJC_ROOT_CLASS = YES_ERROR;
				CLANG_WARN_SUSPICIOUS_MOVES = YES;
				CLANG_WARN_UNREACHABLE_CODE = YES;
				CLANG_WARN__DUPLICATE_METHOD_MATCH = YES;
				"CODE_SIGN_IDENTITY[sdk=iphoneos*]" = "iPhone Developer";
				COPY_PHASE_STRIP = NO;
				DEBUG_INFORMATION_FORMAT = dwarf;
				ENABLE_STRICT_OBJC_MSGSEND = YES;
				ENABLE_TESTABILITY = YES;
				GCC_C_LANGUAGE_STANDARD = gnu99;
				GCC_DYNAMIC_NO_PIC = NO;
				GCC_NO_COMMON_BLOCKS = YES;
				GCC_OPTIMIZATION_LEVEL = 0;
				GCC_PREPROCESSOR_DEFINITIONS = (
					"DEBUG=1",
					"$(inherited)",
				);
				GCC_WARN_64_TO_32_BIT_CONVERSION = YES;
				GCC_WARN_ABOUT_RETURN_TYPE = YES_ERROR;
				GCC_WARN_UNDECLARED_SELECTOR = YES;
				GCC_WARN_UNINITIALIZED_AUTOS = YES_AGGRESSIVE;
				GCC_WARN_UNUSED_FUNCTION = YES;
				GCC_WARN_UNUSED_VARIABLE = YES;
				IPHONEOS_DEPLOYMENT_TARGET = 10.1;
				MTL_ENABLE_DEBUG_INFO = YES;
				ONLY_ACTIVE_ARCH = YES;
				SDKROOT = iphoneos;
				SWIFT_ACTIVE_COMPILATION_CONDITIONS = DEBUG;
				SWIFT_OPTIMIZATION_LEVEL = "-Onone";
				TARGETED_DEVICE_FAMILY = "1,2";
			};
			name = Debug;
		};
		E5BAD8881E6508860089F9B5 /* Release */ = {
			isa = XCBuildConfiguration;
			buildSettings = {
				ALWAYS_SEARCH_USER_PATHS = NO;
				CLANG_ANALYZER_NONNULL = YES;
				CLANG_CXX_LANGUAGE_STANDARD = "gnu++0x";
				CLANG_CXX_LIBRARY = "libc++";
				CLANG_ENABLE_MODULES = YES;
				CLANG_ENABLE_OBJC_ARC = YES;
				CLANG_WARN_BOOL_CONVERSION = YES;
				CLANG_WARN_CONSTANT_CONVERSION = YES;
				CLANG_WARN_DIRECT_OBJC_ISA_USAGE = YES_ERROR;
				CLANG_WARN_DOCUMENTATION_COMMENTS = YES;
				CLANG_WARN_EMPTY_BODY = YES;
				CLANG_WARN_ENUM_CONVERSION = YES;
				CLANG_WARN_INFINITE_RECURSION = YES;
				CLANG_WARN_INT_CONVERSION = YES;
				CLANG_WARN_OBJC_ROOT_CLASS = YES_ERROR;
				CLANG_WARN_SUSPICIOUS_MOVES = YES;
				CLANG_WARN_UNREACHABLE_CODE = YES;
				CLANG_WARN__DUPLICATE_METHOD_MATCH = YES;
				"CODE_SIGN_IDENTITY[sdk=iphoneos*]" = "iPhone Developer";
				COPY_PHASE_STRIP = NO;
				DEBUG_INFORMATION_FORMAT = "dwarf-with-dsym";
				ENABLE_NS_ASSERTIONS = NO;
				ENABLE_STRICT_OBJC_MSGSEND = YES;
				GCC_C_LANGUAGE_STANDARD = gnu99;
				GCC_NO_COMMON_BLOCKS = YES;
				GCC_WARN_64_TO_32_BIT_CONVERSION = YES;
				GCC_WARN_ABOUT_RETURN_TYPE = YES_ERROR;
				GCC_WARN_UNDECLARED_SELECTOR = YES;
				GCC_WARN_UNINITIALIZED_AUTOS = YES_AGGRESSIVE;
				GCC_WARN_UNUSED_FUNCTION = YES;
				GCC_WARN_UNUSED_VARIABLE = YES;
				IPHONEOS_DEPLOYMENT_TARGET = 10.1;
				MTL_ENABLE_DEBUG_INFO = NO;
				SDKROOT = iphoneos;
				SWIFT_OPTIMIZATION_LEVEL = "-Owholemodule";
				TARGETED_DEVICE_FAMILY = "1,2";
				VALIDATE_PRODUCT = YES;
			};
			name = Release;
		};
		E5BAD88A1E6508860089F9B5 /* Debug */ = {
			isa = XCBuildConfiguration;
			baseConfigurationReference = BEC88F676BF51C543547DFF7 /* Pods-AdAnalysis.debug.xcconfig */;
			buildSettings = {
				ASSETCATALOG_COMPILER_APPICON_NAME = AppIcon;
				DEVELOPMENT_TEAM = 93UJTFF547;
				INFOPLIST_FILE = AdAnalysis/Info.plist;
				LD_RUNPATH_SEARCH_PATHS = "$(inherited) @executable_path/Frameworks";
				PRODUCT_BUNDLE_IDENTIFIER = Chao.AdAnalysis;
				PRODUCT_NAME = "$(TARGET_NAME)";
				SWIFT_VERSION = 3.0;
			};
			name = Debug;
		};
		E5BAD88B1E6508860089F9B5 /* Release */ = {
			isa = XCBuildConfiguration;
			baseConfigurationReference = 3CE367A9D8ABF89D33E23C67 /* Pods-AdAnalysis.release.xcconfig */;
			buildSettings = {
				ASSETCATALOG_COMPILER_APPICON_NAME = AppIcon;
				DEVELOPMENT_TEAM = 93UJTFF547;
				INFOPLIST_FILE = AdAnalysis/Info.plist;
				LD_RUNPATH_SEARCH_PATHS = "$(inherited) @executable_path/Frameworks";
				PRODUCT_BUNDLE_IDENTIFIER = Chao.AdAnalysis;
				PRODUCT_NAME = "$(TARGET_NAME)";
				SWIFT_VERSION = 3.0;
			};
			name = Release;
		};
		E5BAD88D1E6508860089F9B5 /* Debug */ = {
			isa = XCBuildConfiguration;
			baseConfigurationReference = 22662045B7098253B71D6F07 /* Pods-AdAnalysisTests.debug.xcconfig */;
			buildSettings = {
				ALWAYS_EMBED_SWIFT_STANDARD_LIBRARIES = YES;
				BUNDLE_LOADER = "$(TEST_HOST)";
				DEVELOPMENT_TEAM = 93UJTFF547;
				INFOPLIST_FILE = AdAnalysisTests/Info.plist;
				LD_RUNPATH_SEARCH_PATHS = "$(inherited) @executable_path/Frameworks @loader_path/Frameworks";
				PRODUCT_BUNDLE_IDENTIFIER = Chao.AdAnalysisTests;
				PRODUCT_NAME = "$(TARGET_NAME)";
				SWIFT_VERSION = 3.0;
				TEST_HOST = "$(BUILT_PRODUCTS_DIR)/AdAnalysis.app/AdAnalysis";
			};
			name = Debug;
		};
		E5BAD88E1E6508860089F9B5 /* Release */ = {
			isa = XCBuildConfiguration;
			baseConfigurationReference = A43129ECCBEA56F848914D69 /* Pods-AdAnalysisTests.release.xcconfig */;
			buildSettings = {
				ALWAYS_EMBED_SWIFT_STANDARD_LIBRARIES = YES;
				BUNDLE_LOADER = "$(TEST_HOST)";
				DEVELOPMENT_TEAM = 93UJTFF547;
				INFOPLIST_FILE = AdAnalysisTests/Info.plist;
				LD_RUNPATH_SEARCH_PATHS = "$(inherited) @executable_path/Frameworks @loader_path/Frameworks";
				PRODUCT_BUNDLE_IDENTIFIER = Chao.AdAnalysisTests;
				PRODUCT_NAME = "$(TARGET_NAME)";
				SWIFT_VERSION = 3.0;
				TEST_HOST = "$(BUILT_PRODUCTS_DIR)/AdAnalysis.app/AdAnalysis";
			};
			name = Release;
		};
		E5BAD8901E6508860089F9B5 /* Debug */ = {
			isa = XCBuildConfiguration;
			baseConfigurationReference = 427B7077AC3A4E3506410588 /* Pods-AdAnalysisUITests.debug.xcconfig */;
			buildSettings = {
				ALWAYS_EMBED_SWIFT_STANDARD_LIBRARIES = YES;
				DEVELOPMENT_TEAM = 93UJTFF547;
				INFOPLIST_FILE = AdAnalysisUITests/Info.plist;
				LD_RUNPATH_SEARCH_PATHS = "$(inherited) @executable_path/Frameworks @loader_path/Frameworks";
				PRODUCT_BUNDLE_IDENTIFIER = Chao.AdAnalysisUITests;
				PRODUCT_NAME = "$(TARGET_NAME)";
				SWIFT_VERSION = 3.0;
				TEST_TARGET_NAME = AdAnalysis;
			};
			name = Debug;
		};
		E5BAD8911E6508860089F9B5 /* Release */ = {
			isa = XCBuildConfiguration;
			baseConfigurationReference = 9C3C2629B6DDD8B4282E42A5 /* Pods-AdAnalysisUITests.release.xcconfig */;
			buildSettings = {
				ALWAYS_EMBED_SWIFT_STANDARD_LIBRARIES = YES;
				DEVELOPMENT_TEAM = 93UJTFF547;
				INFOPLIST_FILE = AdAnalysisUITests/Info.plist;
				LD_RUNPATH_SEARCH_PATHS = "$(inherited) @executable_path/Frameworks @loader_path/Frameworks";
				PRODUCT_BUNDLE_IDENTIFIER = Chao.AdAnalysisUITests;
				PRODUCT_NAME = "$(TARGET_NAME)";
				SWIFT_VERSION = 3.0;
				TEST_TARGET_NAME = AdAnalysis;
			};
			name = Release;
		};
/* End XCBuildConfiguration section */

/* Begin XCConfigurationList section */
		E5BAD85C1E6508860089F9B5 /* Build configuration list for PBXProject "AdAnalysis" */ = {
			isa = XCConfigurationList;
			buildConfigurations = (
				E5BAD8871E6508860089F9B5 /* Debug */,
				E5BAD8881E6508860089F9B5 /* Release */,
			);
			defaultConfigurationIsVisible = 0;
			defaultConfigurationName = Release;
		};
		E5BAD8891E6508860089F9B5 /* Build configuration list for PBXNativeTarget "AdAnalysis" */ = {
			isa = XCConfigurationList;
			buildConfigurations = (
				E5BAD88A1E6508860089F9B5 /* Debug */,
				E5BAD88B1E6508860089F9B5 /* Release */,
			);
			defaultConfigurationIsVisible = 0;
			defaultConfigurationName = Release;
		};
		E5BAD88C1E6508860089F9B5 /* Build configuration list for PBXNativeTarget "AdAnalysisTests" */ = {
			isa = XCConfigurationList;
			buildConfigurations = (
				E5BAD88D1E6508860089F9B5 /* Debug */,
				E5BAD88E1E6508860089F9B5 /* Release */,
			);
			defaultConfigurationIsVisible = 0;
			defaultConfigurationName = Release;
		};
		E5BAD88F1E6508860089F9B5 /* Build configuration list for PBXNativeTarget "AdAnalysisUITests" */ = {
			isa = XCConfigurationList;
			buildConfigurations = (
				E5BAD8901E6508860089F9B5 /* Debug */,
				E5BAD8911E6508860089F9B5 /* Release */,
			);
			defaultConfigurationIsVisible = 0;
			defaultConfigurationName = Release;
		};
/* End XCConfigurationList section */
	};
	rootObject = E5BAD8591E6508860089F9B5 /* Project object */;
}
